
Microsoft Visual Studio Solution File, Format Version 12.00
# Visual Studio Version 17
VisualStudioVersion = 17.7.34024.191
MinimumVisualStudioVersion = 10.0.40219.1
Project("{9A19103F-16F7-4668-BE54-9A1E7A4F7556}") = "csharp-functions", "csharp-functions\csharp-functions.csproj", "{831F9056-0FDE-4BC3-B636-67D9C32FF259}"
EndProject
Global
	GlobalSection(SolutionConfigurationPlatforms) = preSolution
		Debug|Any CPU = Debug|Any CPU
		Release|Any CPU = Release|Any CPU
	EndGlobalSection
	GlobalSection(ProjectConfigurationPlatforms) = postSolution
		{831F9056-0FDE-4BC3-B636-67D9C32FF259}.Debug|Any CPU.ActiveCfg = Debug|Any CPU
		{831F9056-0FDE-4BC3-B636-67D9C32FF259}.Debug|Any CPU.Build.0 = Debug|Any CPU
		{831F9056-0FDE-4BC3-B636-67D9C32FF259}.Release|Any CPU.ActiveCfg = Release|Any CPU
		{831F9056-0FDE-4BC3-B636-67D9C32FF259}.Release|Any CPU.Build.0 = Release|Any CPU
	EndGlobalSection
	GlobalSection(SolutionProperties) = preSolution
		HideSolutionNode = FALSE
	EndGlobalSection
	GlobalSection(ExtensibilityGlobals) = postSolution
		SolutionGuid = {27A25DC7-F3AB-4F34-AD40-ADF177A45EBF}
	EndGlobalSection
EndGlobal
